
Microsoft Visual Studio Solution File, Format Version 12.00
# Visual Studio Version 17
VisualStudioVersion = 17.3.32611.2
MinimumVisualStudioVersion = 10.0.40219.1
Project("{2150E333-8FDC-42A3-9474-1A3956D46DE8}") = "Core", "Core", "{54BC2925-1181-4044-BDEE-98922B9A0272}"
EndProject
Project("{2150E333-8FDC-42A3-9474-1A3956D46DE8}") = "Infrastructure", "Infrastructure", "{8B2D984F-1285-406D-8D56-709C0C619FC9}"
EndProject
Project("{2150E333-8FDC-42A3-9474-1A3956D46DE8}") = "Tests", "Tests", "{5C39333C-80A7-4D5A-8441-BCB8DD635EE9}"
EndProject
Project("{2150E333-8FDC-42A3-9474-1A3956D46DE8}") = "Infrastructure", "Infrastructure", "{AB560B41-0695-4C57-860F-B00E3E4F4DCA}"
EndProject
Project("{2150E333-8FDC-42A3-9474-1A3956D46DE8}") = "Api", "Api", "{47ADEFEC-E64F-421A-9A7E-50E9BE22EDEE}"
EndProject
Project("{9A19103F-16F7-4668-BE54-9A1E7A4F7556}") = "PackageDelivery.Application", "PackageDelivery.Application\PackageDelivery.Application.csproj", "{A50D03F8-A1DD-4357-A334-0FC7CD0FB4A8}"
EndProject
Project("{9A19103F-16F7-4668-BE54-9A1E7A4F7556}") = "PackageDelivery.Domain", "PackageDelivery.Domain\PackageDelivery.Domain.csproj", "{8DC0267C-85FA-42E0-9857-8C86C30C5435}"
EndProject
Project("{9A19103F-16F7-4668-BE54-9A1E7A4F7556}") = "PackageDelivery.Persistence", "PackageDelivery.Persistence\PackageDelivery.Persistence.csproj", "{77FD5284-8879-4D02-9F05-C01DF6BEFBB1}"
EndProject
Project("{9A19103F-16F7-4668-BE54-9A1E7A4F7556}") = "PackageDelivery.Persistence.Tests", "PackageDelivery.Persistence.Tests\PackageDelivery.Persistence.Tests.csproj", "{B30864C1-C69F-44B6-81E2-8B12BA42DD34}"
EndProject
Project("{9A19103F-16F7-4668-BE54-9A1E7A4F7556}") = "PackageDelivery.Api", "PackageDelivery.Api\PackageDelivery.Api.csproj", "{C6EA7543-AE77-4118-B617-A77D554AFFE7}"
EndProject
Project("{9A19103F-16F7-4668-BE54-9A1E7A4F7556}") = "PackageDelivery.Infrastructure", "PackageDelivery.Infrastructure\PackageDelivery.Infrastructure.csproj", "{BE95DEBB-C65B-43CF-8E7C-F0F6EC91DBE1}"
EndProject
Project("{2150E333-8FDC-42A3-9474-1A3956D46DE8}") = "Core", "Core", "{83482613-D8AE-4C80-98F6-A8958462036C}"
EndProject
Project("{2150E333-8FDC-42A3-9474-1A3956D46DE8}") = "Integration", "Integration", "{5652FBCF-F0CF-429A-A71E-7A24362202E0}"
EndProject
Project("{9A19103F-16F7-4668-BE54-9A1E7A4F7556}") = "PackageDelivery.Integration.Tests", "PackageDelivery.Integration.Tests\PackageDelivery.Integration.Tests.csproj", "{6B38F1B8-31AF-4751-AEF6-057FD0C53C8E}"
EndProject
Project("{9A19103F-16F7-4668-BE54-9A1E7A4F7556}") = "PackageDelivery.Application.Tests", "PackageDelivery.Application.Tests\PackageDelivery.Application.Tests.csproj", "{797BC3D9-E5D9-4950-B112-E8F1B62DD9C9}"
EndProject
Project("{9A19103F-16F7-4668-BE54-9A1E7A4F7556}") = "PackageDelivery.Domain.Tests", "PackageDelivery.Domain.Tests\PackageDelivery.Domain.Tests.csproj", "{79F0B483-E079-4BBC-9001-7BB1D83270B5}"
EndProject
Global
	GlobalSection(SolutionConfigurationPlatforms) = preSolution
		Debug|Any CPU = Debug|Any CPU
		Release|Any CPU = Release|Any CPU
	EndGlobalSection
	GlobalSection(ProjectConfigurationPlatforms) = postSolution
		{A50D03F8-A1DD-4357-A334-0FC7CD0FB4A8}.Debug|Any CPU.ActiveCfg = Debug|Any CPU
		{A50D03F8-A1DD-4357-A334-0FC7CD0FB4A8}.Debug|Any CPU.Build.0 = Debug|Any CPU
		{A50D03F8-A1DD-4357-A334-0FC7CD0FB4A8}.Release|Any CPU.ActiveCfg = Release|Any CPU
		{A50D03F8-A1DD-4357-A334-0FC7CD0FB4A8}.Release|Any CPU.Build.0 = Release|Any CPU
		{8DC0267C-85FA-42E0-9857-8C86C30C5435}.Debug|Any CPU.ActiveCfg = Debug|Any CPU
		{8DC0267C-85FA-42E0-9857-8C86C30C5435}.Debug|Any CPU.Build.0 = Debug|Any CPU
		{8DC0267C-85FA-42E0-9857-8C86C30C5435}.Release|Any CPU.ActiveCfg = Release|Any CPU
		{8DC0267C-85FA-42E0-9857-8C86C30C5435}.Release|Any CPU.Build.0 = Release|Any CPU
		{77FD5284-8879-4D02-9F05-C01DF6BEFBB1}.Debug|Any CPU.ActiveCfg = Debug|Any CPU
		{77FD5284-8879-4D02-9F05-C01DF6BEFBB1}.Debug|Any CPU.Build.0 = Debug|Any CPU
		{77FD5284-8879-4D02-9F05-C01DF6BEFBB1}.Release|Any CPU.ActiveCfg = Release|Any CPU
		{77FD5284-8879-4D02-9F05-C01DF6BEFBB1}.Release|Any CPU.Build.0 = Release|Any CPU
		{B30864C1-C69F-44B6-81E2-8B12BA42DD34}.Debug|Any CPU.ActiveCfg = Debug|Any CPU
		{B30864C1-C69F-44B6-81E2-8B12BA42DD34}.Debug|Any CPU.Build.0 = Debug|Any CPU
		{B30864C1-C69F-44B6-81E2-8B12BA42DD34}.Release|Any CPU.ActiveCfg = Release|Any CPU
		{B30864C1-C69F-44B6-81E2-8B12BA42DD34}.Release|Any CPU.Build.0 = Release|Any CPU
		{C6EA7543-AE77-4118-B617-A77D554AFFE7}.Debug|Any CPU.ActiveCfg = Debug|Any CPU
		{C6EA7543-AE77-4118-B617-A77D554AFFE7}.Debug|Any CPU.Build.0 = Debug|Any CPU
		{C6EA7543-AE77-4118-B617-A77D554AFFE7}.Release|Any CPU.ActiveCfg = Release|Any CPU
		{C6EA7543-AE77-4118-B617-A77D554AFFE7}.Release|Any CPU.Build.0 = Release|Any CPU
		{BE95DEBB-C65B-43CF-8E7C-F0F6EC91DBE1}.Debug|Any CPU.ActiveCfg = Debug|Any CPU
		{BE95DEBB-C65B-43CF-8E7C-F0F6EC91DBE1}.Debug|Any CPU.Build.0 = Debug|Any CPU
		{BE95DEBB-C65B-43CF-8E7C-F0F6EC91DBE1}.Release|Any CPU.ActiveCfg = Release|Any CPU
		{BE95DEBB-C65B-43CF-8E7C-F0F6EC91DBE1}.Release|Any CPU.Build.0 = Release|Any CPU
		{6B38F1B8-31AF-4751-AEF6-057FD0C53C8E}.Debug|Any CPU.ActiveCfg = Debug|Any CPU
		{6B38F1B8-31AF-4751-AEF6-057FD0C53C8E}.Debug|Any CPU.Build.0 = Debug|Any CPU
		{6B38F1B8-31AF-4751-AEF6-057FD0C53C8E}.Release|Any CPU.ActiveCfg = Release|Any CPU
		{6B38F1B8-31AF-4751-AEF6-057FD0C53C8E}.Release|Any CPU.Build.0 = Release|Any CPU
		{797BC3D9-E5D9-4950-B112-E8F1B62DD9C9}.Debug|Any CPU.ActiveCfg = Debug|Any CPU
		{797BC3D9-E5D9-4950-B112-E8F1B62DD9C9}.Debug|Any CPU.Build.0 = Debug|Any CPU
		{797BC3D9-E5D9-4950-B112-E8F1B62DD9C9}.Release|Any CPU.ActiveCfg = Release|Any CPU
		{797BC3D9-E5D9-4950-B112-E8F1B62DD9C9}.Release|Any CPU.Build.0 = Release|Any CPU
		{79F0B483-E079-4BBC-9001-7BB1D83270B5}.Debug|Any CPU.ActiveCfg = Debug|Any CPU
		{79F0B483-E079-4BBC-9001-7BB1D83270B5}.Debug|Any CPU.Build.0 = Debug|Any CPU
		{79F0B483-E079-4BBC-9001-7BB1D83270B5}.Release|Any CPU.ActiveCfg = Release|Any CPU
		{79F0B483-E079-4BBC-9001-7BB1D83270B5}.Release|Any CPU.Build.0 = Release|Any CPU
	EndGlobalSection
	GlobalSection(SolutionProperties) = preSolution
		HideSolutionNode = FALSE
	EndGlobalSection
	GlobalSection(NestedProjects) = preSolution
		{AB560B41-0695-4C57-860F-B00E3E4F4DCA} = {5C39333C-80A7-4D5A-8441-BCB8DD635EE9}
		{A50D03F8-A1DD-4357-A334-0FC7CD0FB4A8} = {54BC2925-1181-4044-BDEE-98922B9A0272}
		{8DC0267C-85FA-42E0-9857-8C86C30C5435} = {54BC2925-1181-4044-BDEE-98922B9A0272}
		{77FD5284-8879-4D02-9F05-C01DF6BEFBB1} = {8B2D984F-1285-406D-8D56-709C0C619FC9}
		{B30864C1-C69F-44B6-81E2-8B12BA42DD34} = {AB560B41-0695-4C57-860F-B00E3E4F4DCA}
		{C6EA7543-AE77-4118-B617-A77D554AFFE7} = {47ADEFEC-E64F-421A-9A7E-50E9BE22EDEE}
		{BE95DEBB-C65B-43CF-8E7C-F0F6EC91DBE1} = {8B2D984F-1285-406D-8D56-709C0C619FC9}
		{83482613-D8AE-4C80-98F6-A8958462036C} = {5C39333C-80A7-4D5A-8441-BCB8DD635EE9}
		{5652FBCF-F0CF-429A-A71E-7A24362202E0} = {5C39333C-80A7-4D5A-8441-BCB8DD635EE9}
		{6B38F1B8-31AF-4751-AEF6-057FD0C53C8E} = {5652FBCF-F0CF-429A-A71E-7A24362202E0}
		{797BC3D9-E5D9-4950-B112-E8F1B62DD9C9} = {83482613-D8AE-4C80-98F6-A8958462036C}
		{79F0B483-E079-4BBC-9001-7BB1D83270B5} = {83482613-D8AE-4C80-98F6-A8958462036C}
	EndGlobalSection
	GlobalSection(ExtensibilityGlobals) = postSolution
		SolutionGuid = {26195415-26C1-45C1-AAE5-2A8A8ADEF80E}
	EndGlobalSection
EndGlobal
